<?xml version="1.0" encoding="utf-8"?>
<Project ToolsVersion="4.0" xmlns="http://schemas.microsoft.com/developer/msbuild/2003">
  <ItemGroup>
    <ClCompile Include="imgui\backend\imgui_impl_dx11.cpp" />
    <ClCompile Include="imgui\backend\imgui_impl_win32.cpp" />
    <ClCompile Include="imgui\imgui.cpp" />
    <ClCompile Include="imgui\imgui_draw.cpp" />
    <ClCompile Include="imgui\imgui_freetype.cpp" />
    <ClCompile Include="imgui\imgui_tables.cpp" />
    <ClCompile Include="imgui\imgui_widgets.cpp" />
    <ClCompile Include="main\main.cpp" />
    <ClCompile Include="ui\ui.cpp" />
    <ClCompile Include="protection\checks\anti_attach.cpp" />
    <ClCompile Include="protection\checks\anti_debugger.cpp" />
    <ClCompile Include="protection\checks\anti_dump.cpp" />
    <ClCompile Include="protection\checks\anti_vm.cpp" />
    <ClCompile Include="protection\checks\integrity_check.cpp" />
    <ClCompile Include="protection\checks\kill_process.cpp" />
    <ClCompile Include="protection\checks\protectmain.cpp" />
    <ClCompile Include="cleaner\cleaner.cpp" />
    <ClCompile Include="cleaner\memory.cpp" />
    <ClCompile Include="cleaner\modules.cpp" />
  </ItemGroup>
  <ItemGroup>
    <ClInclude Include="headers\images.h" />
    <ClInclude Include="headers\intro.h" />
    <ClInclude Include="headers\rename.h" />
    <ClInclude Include="imgui\backend\imgui_impl_dx11.h" />
    <ClInclude Include="imgui\backend\imgui_impl_win32.h" />
    <ClInclude Include="imgui\freetype\include\freetype\config\ftconfig.h" />
    <ClInclude Include="imgui\freetype\include\freetype\config\ftheader.h" />
    <ClInclude Include="imgui\freetype\include\freetype\config\ftmodule.h" />
    <ClInclude Include="imgui\freetype\include\freetype\config\ftoption.h" />
    <ClInclude Include="imgui\freetype\include\freetype\config\ftstdlib.h" />
    <ClInclude Include="imgui\freetype\include\freetype\config\integer-types.h" />
    <ClInclude Include="imgui\freetype\include\freetype\config\mac-support.h" />
    <ClInclude Include="imgui\freetype\include\freetype\config\public-macros.h" />
    <ClInclude Include="imgui\freetype\include\freetype\freetype.h" />
    <ClInclude Include="imgui\freetype\include\freetype\ftadvanc.h" />
    <ClInclude Include="imgui\freetype\include\freetype\ftbbox.h" />
    <ClInclude Include="imgui\freetype\include\freetype\ftbdf.h" />
    <ClInclude Include="imgui\freetype\include\freetype\ftbitmap.h" />
    <ClInclude Include="imgui\freetype\include\freetype\ftbzip2.h" />
    <ClInclude Include="imgui\freetype\include\freetype\ftcache.h" />
    <ClInclude Include="imgui\freetype\include\freetype\ftchapters.h" />
    <ClInclude Include="imgui\freetype\include\freetype\ftcid.h" />
    <ClInclude Include="imgui\freetype\include\freetype\ftcolor.h" />
    <ClInclude Include="imgui\freetype\include\freetype\ftdriver.h" />
    <ClInclude Include="imgui\freetype\include\freetype\fterrdef.h" />
    <ClInclude Include="imgui\freetype\include\freetype\fterrors.h" />
    <ClInclude Include="imgui\freetype\include\freetype\ftfntfmt.h" />
    <ClInclude Include="imgui\freetype\include\freetype\ftgasp.h" />
    <ClInclude Include="imgui\freetype\include\freetype\ftglyph.h" />
    <ClInclude Include="imgui\freetype\include\freetype\ftgxval.h" />
    <ClInclude Include="imgui\freetype\include\freetype\ftgzip.h" />
    <ClInclude Include="imgui\freetype\include\freetype\ftimage.h" />
    <ClInclude Include="imgui\freetype\include\freetype\ftincrem.h" />
    <ClInclude Include="imgui\freetype\include\freetype\ftlcdfil.h" />
    <ClInclude Include="imgui\freetype\include\freetype\ftlist.h" />
    <ClInclude Include="imgui\freetype\include\freetype\ftlogging.h" />
    <ClInclude Include="imgui\freetype\include\freetype\ftlzw.h" />
    <ClInclude Include="imgui\freetype\include\freetype\ftmac.h" />
    <ClInclude Include="imgui\freetype\include\freetype\ftmm.h" />
    <ClInclude Include="imgui\freetype\include\freetype\ftmodapi.h" />
    <ClInclude Include="imgui\freetype\include\freetype\ftmoderr.h" />
    <ClInclude Include="imgui\freetype\include\freetype\ftotval.h" />
    <ClInclude Include="imgui\freetype\include\freetype\ftoutln.h" />
    <ClInclude Include="imgui\freetype\include\freetype\ftparams.h" />
    <ClInclude Include="imgui\freetype\include\freetype\ftpfr.h" />
    <ClInclude Include="imgui\freetype\include\freetype\ftrender.h" />
    <ClInclude Include="imgui\freetype\include\freetype\ftsizes.h" />
    <ClInclude Include="imgui\freetype\include\freetype\ftsnames.h" />
    <ClInclude Include="imgui\freetype\include\freetype\ftstroke.h" />
    <ClInclude Include="imgui\freetype\include\freetype\ftsynth.h" />
    <ClInclude Include="imgui\freetype\include\freetype\ftsystem.h" />
    <ClInclude Include="imgui\freetype\include\freetype\fttrigon.h" />
    <ClInclude Include="imgui\freetype\include\freetype\fttypes.h" />
    <ClInclude Include="imgui\freetype\include\freetype\ftwinfnt.h" />
    <ClInclude Include="imgui\freetype\include\freetype\internal\autohint.h" />
    <ClInclude Include="imgui\freetype\include\freetype\internal\cffotypes.h" />
    <ClInclude Include="imgui\freetype\include\freetype\internal\cfftypes.h" />
    <ClInclude Include="imgui\freetype\include\freetype\internal\compiler-macros.h" />
    <ClInclude Include="imgui\freetype\include\freetype\internal\ftcalc.h" />
    <ClInclude Include="imgui\freetype\include\freetype\internal\ftdebug.h" />
    <ClInclude Include="imgui\freetype\include\freetype\internal\ftdrv.h" />
    <ClInclude Include="imgui\freetype\include\freetype\internal\ftgloadr.h" />
    <ClInclude Include="imgui\freetype\include\freetype\internal\fthash.h" />
    <ClInclude Include="imgui\freetype\include\freetype\internal\ftmemory.h" />
    <ClInclude Include="imgui\freetype\include\freetype\internal\ftmmtypes.h" />
    <ClInclude Include="imgui\freetype\include\freetype\internal\ftobjs.h" />
    <ClInclude Include="imgui\freetype\include\freetype\internal\ftpsprop.h" />
    <ClInclude Include="imgui\freetype\include\freetype\internal\ftrfork.h" />
    <ClInclude Include="imgui\freetype\include\freetype\internal\ftserv.h" />
    <ClInclude Include="imgui\freetype\include\freetype\internal\ftstream.h" />
    <ClInclude Include="imgui\freetype\include\freetype\internal\fttrace.h" />
    <ClInclude Include="imgui\freetype\include\freetype\internal\ftvalid.h" />
    <ClInclude Include="imgui\freetype\include\freetype\internal\psaux.h" />
    <ClInclude Include="imgui\freetype\include\freetype\internal\pshints.h" />
    <ClInclude Include="imgui\freetype\include\freetype\internal\services\svbdf.h" />
    <ClInclude Include="imgui\freetype\include\freetype\internal\services\svcfftl.h" />
    <ClInclude Include="imgui\freetype\include\freetype\internal\services\svcid.h" />
    <ClInclude Include="imgui\freetype\include\freetype\internal\services\svfntfmt.h" />
    <ClInclude Include="imgui\freetype\include\freetype\internal\services\svgldict.h" />
    <ClInclude Include="imgui\freetype\include\freetype\internal\services\svgxval.h" />
    <ClInclude Include="imgui\freetype\include\freetype\internal\services\svkern.h" />
    <ClInclude Include="imgui\freetype\include\freetype\internal\services\svmetric.h" />
    <ClInclude Include="imgui\freetype\include\freetype\internal\services\svmm.h" />
    <ClInclude Include="imgui\freetype\include\freetype\internal\services\svotval.h" />
    <ClInclude Include="imgui\freetype\include\freetype\internal\services\svpfr.h" />
    <ClInclude Include="imgui\freetype\include\freetype\internal\services\svpostnm.h" />
    <ClInclude Include="imgui\freetype\include\freetype\internal\services\svprop.h" />
    <ClInclude Include="imgui\freetype\include\freetype\internal\services\svpscmap.h" />
    <ClInclude Include="imgui\freetype\include\freetype\internal\services\svpsinfo.h" />
    <ClInclude Include="imgui\freetype\include\freetype\internal\services\svsfnt.h" />
    <ClInclude Include="imgui\freetype\include\freetype\internal\services\svttcmap.h" />
    <ClInclude Include="imgui\freetype\include\freetype\internal\services\svtteng.h" />
    <ClInclude Include="imgui\freetype\include\freetype\internal\services\svttglyf.h" />
    <ClInclude Include="imgui\freetype\include\freetype\internal\services\svwinfnt.h" />
    <ClInclude Include="imgui\freetype\include\freetype\internal\sfnt.h" />
    <ClInclude Include="imgui\freetype\include\freetype\internal\svginterface.h" />
    <ClInclude Include="imgui\freetype\include\freetype\internal\t1types.h" />
    <ClInclude Include="imgui\freetype\include\freetype\internal\tttypes.h" />
    <ClInclude Include="imgui\freetype\include\freetype\internal\wofftypes.h" />
    <ClInclude Include="imgui\freetype\include\freetype\otsvg.h" />
    <ClInclude Include="imgui\freetype\include\freetype\t1tables.h" />
    <ClInclude Include="imgui\freetype\include\freetype\ttnameid.h" />
    <ClInclude Include="imgui\freetype\include\freetype\tttables.h" />
    <ClInclude Include="imgui\freetype\include\freetype\tttags.h" />
    <ClInclude Include="imgui\freetype\include\ft2build.h" />
    <ClInclude Include="imgui\imconfig.h" />
    <ClInclude Include="imgui\imgui.h" />
    <ClInclude Include="imgui\imgui_freetype.h" />
    <ClInclude Include="imgui\imgui_internal.h" />
    <ClInclude Include="imgui\imstb_rectpack.h" />
    <ClInclude Include="imgui\imstb_textedit.h" />
    <ClInclude Include="imgui\imstb_truetype.h" />
    <ClInclude Include="libs\keyauth\auth.hpp" />
    <ClInclude Include="libs\keyauth\json.hpp" />
    <ClInclude Include="libs\keyauth\skStr.h" />
    <ClInclude Include="libs\keyauth\utils.hpp" />
    <ClInclude Include="libs\xor\xorstr.hpp" />
    <ClInclude Include="main\includes.hpp" />
    <ClInclude Include="main\main.hpp" />
    <ClInclude Include="protection\lazy importer\lazy_importer.hpp" />
    <ClInclude Include="protection\obfusheader\obfusheader.h" />
    <ClInclude Include="protection\VMProtect\VMProtectSDK.h" />
    <ClInclude Include="resource.h" />
    <ClInclude Include="ui\fonts.hpp" />
    <ClInclude Include="ui\ui.hpp" />
    <ClInclude Include="imgui\imgui_notification.hpp" />
    <ClInclude Include="protection\checks\anti_attach.h" />
    <ClInclude Include="protection\checks\anti_debugger.h" />
    <ClInclude Include="protection\checks\anti_dump.h" />
    <ClInclude Include="protection\checks\anti_vm.h" />
    <ClInclude Include="protection\checks\integrity_check.h" />
    <ClInclude Include="protection\checks\kill_process.h" />
    <ClInclude Include="protection\checks\process.hpp" />
    <ClInclude Include="protection\checks\protectmain.h" />
    <ClInclude Include="main\inject.hpp" />
    <ClInclude Include="main\product.hpp" />
    <ClInclude Include="headers\protection.h" />
    <ClInclude Include="cleaner\cleaner.hpp" />
    <ClInclude Include="cleaner\memory.hpp" />
    <ClInclude Include="cleaner\modules.hpp" />
    <ClInclude Include="cleaner\utils.hpp" />
  </ItemGroup>
  <ItemGroup>
    <Library Include="imgui\freetype\freetype.lib" />
    <Library Include="library_x64.lib" />
    <Library Include="protection\VMProtect\VMProtectSDK64.lib" />
  </ItemGroup>
  <ItemGroup>
    <ResourceCompile Include="uwuhook.rc" />
  </ItemGroup>
  <ItemGroup>
    <Image Include="resource\app.ico" />
  </ItemGroup>
  <ItemGroup>
    <None Include="protection\VMProtect\VMProtectSDK64.dll" />
  </ItemGroup>
</Project>